
Microsoft Visual Studio Solution File, Format Version 12.00
# Visual Studio 15
VisualStudioVersion = 15.0.27130.2027
MinimumVisualStudioVersion = 10.0.40219.1
Project("{9A19103F-16F7-4668-BE54-9A1E7A4F7556}") = "forgesample", "forgesample\forgesample.csproj", "{AFBF1E9B-9949-4DFC-8D5E-9EF8D5347AC1}"
EndProject
Project("{FAE04EC0-301F-11D3-BF4B-00C04F79EFBC}") = "UpdateRVTParam", "updateRVTParam\UpdateRVTParam.csproj", "{9A402F71-D386-4E2D-9582-1E99CE87206D}"
EndProject
Project("{FAE04EC0-301F-11D3-BF4B-00C04F79EFBC}") = "UpdateIPTParam", "updateIPTParam\UpdateIPTParam.csproj", "{3DC284CE-6572-439D-ADA3-E703FF8498B6}"
EndProject
Project("{FAE04EC0-301F-11D3-BF4B-00C04F79EFBC}") = "UpdateDWGParam", "updateDWGParam\UpdateDWGParam.csproj", "{F17BDCE4-8CD6-4DAF-B57A-3A4B8137D736}"
EndProject
Project("{FAE04EC0-301F-11D3-BF4B-00C04F79EFBC}") = "UpdateMAXParam", "UpdateMAXParam\UpdateMAXParam.csproj", "{FE45C541-D216-4792-983D-3100BA9F3F4F}"
EndProject
Global
	GlobalSection(SolutionConfigurationPlatforms) = preSolution
		Debug|Any CPU = Debug|Any CPU
		Debug|x64 = Debug|x64
		Release|Any CPU = Release|Any CPU
		Release|x64 = Release|x64
	EndGlobalSection
	GlobalSection(ProjectConfigurationPlatforms) = postSolution
		{AFBF1E9B-9949-4DFC-8D5E-9EF8D5347AC1}.Debug|Any CPU.ActiveCfg = Debug|Any CPU
		{AFBF1E9B-9949-4DFC-8D5E-9EF8D5347AC1}.Debug|Any CPU.Build.0 = Debug|Any CPU
		{AFBF1E9B-9949-4DFC-8D5E-9EF8D5347AC1}.Debug|x64.ActiveCfg = Debug|Any CPU
		{AFBF1E9B-9949-4DFC-8D5E-9EF8D5347AC1}.Debug|x64.Build.0 = Debug|Any CPU
		{AFBF1E9B-9949-4DFC-8D5E-9EF8D5347AC1}.Release|Any CPU.ActiveCfg = Release|Any CPU
		{AFBF1E9B-9949-4DFC-8D5E-9EF8D5347AC1}.Release|Any CPU.Build.0 = Release|Any CPU
		{AFBF1E9B-9949-4DFC-8D5E-9EF8D5347AC1}.Release|x64.ActiveCfg = Release|Any CPU
		{AFBF1E9B-9949-4DFC-8D5E-9EF8D5347AC1}.Release|x64.Build.0 = Release|Any CPU
		{9A402F71-D386-4E2D-9582-1E99CE87206D}.Debug|Any CPU.ActiveCfg = Debug|Any CPU
		{9A402F71-D386-4E2D-9582-1E99CE87206D}.Debug|Any CPU.Build.0 = Debug|Any CPU
		{9A402F71-D386-4E2D-9582-1E99CE87206D}.Debug|x64.ActiveCfg = Debug|Any CPU
		{9A402F71-D386-4E2D-9582-1E99CE87206D}.Debug|x64.Build.0 = Debug|Any CPU
		{9A402F71-D386-4E2D-9582-1E99CE87206D}.Release|Any CPU.ActiveCfg = Release|Any CPU
		{9A402F71-D386-4E2D-9582-1E99CE87206D}.Release|Any CPU.Build.0 = Release|Any CPU
		{9A402F71-D386-4E2D-9582-1E99CE87206D}.Release|x64.ActiveCfg = Release|Any CPU
		{9A402F71-D386-4E2D-9582-1E99CE87206D}.Release|x64.Build.0 = Release|Any CPU
		{3DC284CE-6572-439D-ADA3-E703FF8498B6}.Debug|Any CPU.ActiveCfg = Debug|Any CPU
		{3DC284CE-6572-439D-ADA3-E703FF8498B6}.Debug|Any CPU.Build.0 = Debug|Any CPU
		{3DC284CE-6572-439D-ADA3-E703FF8498B6}.Debug|x64.ActiveCfg = Debug|Any CPU
		{3DC284CE-6572-439D-ADA3-E703FF8498B6}.Debug|x64.Build.0 = Debug|Any CPU
		{3DC284CE-6572-439D-ADA3-E703FF8498B6}.Release|Any CPU.ActiveCfg = Release|Any CPU
		{3DC284CE-6572-439D-ADA3-E703FF8498B6}.Release|Any CPU.Build.0 = Release|Any CPU
		{3DC284CE-6572-439D-ADA3-E703FF8498B6}.Release|x64.ActiveCfg = Release|Any CPU
		{3DC284CE-6572-439D-ADA3-E703FF8498B6}.Release|x64.Build.0 = Release|Any CPU
		{F17BDCE4-8CD6-4DAF-B57A-3A4B8137D736}.Debug|Any CPU.ActiveCfg = Debug|Any CPU
		{F17BDCE4-8CD6-4DAF-B57A-3A4B8137D736}.Debug|Any CPU.Build.0 = Debug|Any CPU
		{F17BDCE4-8CD6-4DAF-B57A-3A4B8137D736}.Debug|x64.ActiveCfg = Debug|Any CPU
		{F17BDCE4-8CD6-4DAF-B57A-3A4B8137D736}.Debug|x64.Build.0 = Debug|Any CPU
		{F17BDCE4-8CD6-4DAF-B57A-3A4B8137D736}.Release|Any CPU.ActiveCfg = Release|Any CPU
		{F17BDCE4-8CD6-4DAF-B57A-3A4B8137D736}.Release|Any CPU.Build.0 = Release|Any CPU
		{F17BDCE4-8CD6-4DAF-B57A-3A4B8137D736}.Release|x64.ActiveCfg = Release|Any CPU
		{F17BDCE4-8CD6-4DAF-B57A-3A4B8137D736}.Release|x64.Build.0 = Release|Any CPU
		{FE45C541-D216-4792-983D-3100BA9F3F4F}.Debug|Any CPU.ActiveCfg = Debug|Any CPU
		{FE45C541-D216-4792-983D-3100BA9F3F4F}.Debug|Any CPU.Build.0 = Debug|Any CPU
		{FE45C541-D216-4792-983D-3100BA9F3F4F}.Debug|x64.ActiveCfg = Debug|Any CPU
		{FE45C541-D216-4792-983D-3100BA9F3F4F}.Debug|x64.Build.0 = Debug|Any CPU
		{FE45C541-D216-4792-983D-3100BA9F3F4F}.Release|Any CPU.ActiveCfg = Release|Any CPU
		{FE45C541-D216-4792-983D-3100BA9F3F4F}.Release|Any CPU.Build.0 = Release|Any CPU
		{FE45C541-D216-4792-983D-3100BA9F3F4F}.Release|x64.ActiveCfg = Release|Any CPU
		{FE45C541-D216-4792-983D-3100BA9F3F4F}.Release|x64.Build.0 = Release|Any CPU
	EndGlobalSection
	GlobalSection(SolutionProperties) = preSolution
		HideSolutionNode = FALSE
	EndGlobalSection
	GlobalSection(ExtensibilityGlobals) = postSolution
		SolutionGuid = {05F5CC9C-321D-41C1-9E7A-F799CF2B1EED}
	EndGlobalSection
EndGlobal
