
Microsoft Visual Studio Solution File, Format Version 12.00
# Visual Studio 15
VisualStudioVersion = 15.0.28010.2050
MinimumVisualStudioVersion = 10.0.40219.1
Project("{FAE04EC0-301F-11D3-BF4B-00C04F79EFBC}") = "UpdateWindowParameters", "UpdateWindowParameters.csproj", "{F17BDCE4-8CD6-4DAF-B57A-3A4B8137D736}"
EndProject
Global
	GlobalSection(SolutionConfigurationPlatforms) = preSolution
		Debug|Any CPU = Debug|Any CPU
		Release|Any CPU = Release|Any CPU
	EndGlobalSection
	GlobalSection(ProjectConfigurationPlatforms) = postSolution
		{F17BDCE4-8CD6-4DAF-B57A-3A4B8137D736}.Debug|Any CPU.ActiveCfg = Debug|Any CPU
		{F17BDCE4-8CD6-4DAF-B57A-3A4B8137D736}.Debug|Any CPU.Build.0 = Debug|Any CPU
		{F17BDCE4-8CD6-4DAF-B57A-3A4B8137D736}.Release|Any CPU.ActiveCfg = Release|Any CPU
		{F17BDCE4-8CD6-4DAF-B57A-3A4B8137D736}.Release|Any CPU.Build.0 = Release|Any CPU
	EndGlobalSection
	GlobalSection(SolutionProperties) = preSolution
		HideSolutionNode = FALSE
	EndGlobalSection
	GlobalSection(ExtensibilityGlobals) = postSolution
		SolutionGuid = {979F0CFE-E188-40BA-AEE4-6A920D0CC629}
	EndGlobalSection
EndGlobal
